
Microsoft Visual Studio Solution File, Format Version 12.00
# Visual Studio 14
VisualStudioVersion = 14.0.25420.1
MinimumVisualStudioVersion = 10.0.40219.1
Project("{FAE04EC0-301F-11D3-BF4B-00C04F79EFBC}") = "WCF_TEST", "WCF_TEST\WCF_TEST.csproj", "{24AFD33C-FEFD-4249-A893-366C1755B923}"
	ProjectSection(ProjectDependencies) = postProject
		{8451296B-3834-4DC7-8AF2-B13219F4C28F} = {8451296B-3834-4DC7-8AF2-B13219F4C28F}
	EndProjectSection
EndProject
Project("{FAE04EC0-301F-11D3-BF4B-00C04F79EFBC}") = "WCF_Service", "WCF_Service\WCF_Service.csproj", "{8451296B-3834-4DC7-8AF2-B13219F4C28F}"
EndProject
Global
	GlobalSection(SolutionConfigurationPlatforms) = preSolution
		Debug|Any CPU = Debug|Any CPU
		Release|Any CPU = Release|Any CPU
	EndGlobalSection
	GlobalSection(ProjectConfigurationPlatforms) = postSolution
		{24AFD33C-FEFD-4249-A893-366C1755B923}.Debug|Any CPU.ActiveCfg = Debug|Any CPU
		{24AFD33C-FEFD-4249-A893-366C1755B923}.Debug|Any CPU.Build.0 = Debug|Any CPU
		{24AFD33C-FEFD-4249-A893-366C1755B923}.Release|Any CPU.ActiveCfg = Release|Any CPU
		{24AFD33C-FEFD-4249-A893-366C1755B923}.Release|Any CPU.Build.0 = Release|Any CPU
		{8451296B-3834-4DC7-8AF2-B13219F4C28F}.Debug|Any CPU.ActiveCfg = Debug|Any CPU
		{8451296B-3834-4DC7-8AF2-B13219F4C28F}.Debug|Any CPU.Build.0 = Debug|Any CPU
		{8451296B-3834-4DC7-8AF2-B13219F4C28F}.Release|Any CPU.ActiveCfg = Release|Any CPU
		{8451296B-3834-4DC7-8AF2-B13219F4C28F}.Release|Any CPU.Build.0 = Release|Any CPU
	EndGlobalSection
	GlobalSection(SolutionProperties) = preSolution
		HideSolutionNode = FALSE
	EndGlobalSection
EndGlobal
